{
  "name": "@pureproxy/httptrace",
  "version": "1.0.3",
  "lockfileVersion": 1,
  "requires": true,
  "dependencies": {
    "@pureproxy/mitmproxy": {
      "version": "1.1.0",
      "resolved": "https://registry.npmjs.org/@pureproxy/mitmproxy/-/mitmproxy-1.1.0.tgz",
      "integrity": "sha512-a2usFUrbNK/2vUgtwODHHHeqls8yMHyC0f1R86eAgPlNuwKnEfb+gFAqRRDTj3u5ytsb/xgXkhFtVAnE1FXOKw==",
      "requires": {
        "@pureproxy/pureproxy": "^1.1.0",
        "native-duplexpair": "^1.0.0",
        "node-forge": "^0.8.5"
      }
    },
    "@pureproxy/pureproxy": {
      "version": "1.1.0",
      "resolved": "https://registry.npmjs.org/@pureproxy/pureproxy/-/pureproxy-1.1.0.tgz",
      "integrity": "sha512-m8iAXIWfS89w6aoN8tduV2IGYWswslJ2hvN2QGhkJF4yhX/54cEtFFI5Xg4i/kMZe/G24m68YnotmgWOKSxhOQ==",
      "requires": {
        "http-parser-js": "^0.5.2"
      }
    },
    "@pureproxy/utils": {
      "version": "1.0.1",
      "resolved": "https://registry.npmjs.org/@pureproxy/utils/-/utils-1.0.1.tgz",
      "integrity": "sha512-Xv8Hl3k9MkfqQQj8slyB88ud8LUpiyWyf7ZvZwET0MwPnQT7rZOER4fGx4Wbsq6JU87TveROKw2P6z9zgiOS2g=="
    },
    "http-parser-js": {
      "version": "0.5.2",
      "resolved": "https://registry.npmjs.org/http-parser-js/-/http-parser-js-0.5.2.tgz",
      "integrity": "sha512-opCO9ASqg5Wy2FNo7A0sxy71yGbbkJJXLdgMK04Tcypw9jr2MgWbyubb0+WdmDmGnFflO7fRbqbaihh/ENDlRQ=="
    },
    "native-duplexpair": {
      "version": "1.0.0",
      "resolved": "https://registry.npmjs.org/native-duplexpair/-/native-duplexpair-1.0.0.tgz",
      "integrity": "sha1-eJkHjmS/PIo9cyYBs9QP8F21j6A="
    },
    "node-forge": {
      "version": "0.8.5",
      "resolved": "https://registry.npmjs.org/node-forge/-/node-forge-0.8.5.tgz",
      "integrity": "sha512-vFMQIWt+J/7FLNyKouZ9TazT74PRV3wgv9UT4cRjC8BffxFbKXkgIWR42URCPSnHm/QDz6BOlb2Q0U4+VQT67Q=="
    }
  }
}
